
Microsoft Visual Studio Solution File, Format Version 12.00
# Visual Studio Version 17
VisualStudioVersion = 17.14.36414.22 d17.14
MinimumVisualStudioVersion = 10.0.40219.1
Project("{FAE04EC0-301F-11D3-BF4B-00C04F79EFBC}") = "epood", "epood.csproj", "{7D24E16F-E642-455E-8EE9-1FF2F8083EDB}"
EndProject
Global
	GlobalSection(SolutionConfigurationPlatforms) = preSolution
		Debug|Any CPU = Debug|Any CPU
		Release|Any CPU = Release|Any CPU
	EndGlobalSection
	GlobalSection(ProjectConfigurationPlatforms) = postSolution
		{7D24E16F-E642-455E-8EE9-1FF2F8083EDB}.Debug|Any CPU.ActiveCfg = Debug|Any CPU
		{7D24E16F-E642-455E-8EE9-1FF2F8083EDB}.Debug|Any CPU.Build.0 = Debug|Any CPU
		{7D24E16F-E642-455E-8EE9-1FF2F8083EDB}.Release|Any CPU.ActiveCfg = Release|Any CPU
		{7D24E16F-E642-455E-8EE9-1FF2F8083EDB}.Release|Any CPU.Build.0 = Release|Any CPU
	EndGlobalSection
	GlobalSection(SolutionProperties) = preSolution
		HideSolutionNode = FALSE
	EndGlobalSection
	GlobalSection(ExtensibilityGlobals) = postSolution
		SolutionGuid = {C7297DD5-6111-4749-AC4B-826CB0DB0745}
	EndGlobalSection
EndGlobal
